
Microsoft Visual Studio Solution File, Format Version 12.00
# Visual Studio Version 17
VisualStudioVersion = 17.9.34728.123
MinimumVisualStudioVersion = 10.0.40219.1
Project("{FAE04EC0-301F-11D3-BF4B-00C04F79EFBC}") = "eAppointmentServer.Domain", "eAppointmentServer.Domain\eAppointmentServer.Domain.csproj", "{1C121A7F-4CD4-488D-950F-0C5F36EC49C0}"
EndProject
Global
	GlobalSection(SolutionConfigurationPlatforms) = preSolution
		Debug|Any CPU = Debug|Any CPU
		Release|Any CPU = Release|Any CPU
	EndGlobalSection
	GlobalSection(ProjectConfigurationPlatforms) = postSolution
		{1C121A7F-4CD4-488D-950F-0C5F36EC49C0}.Debug|Any CPU.ActiveCfg = Debug|Any CPU
		{1C121A7F-4CD4-488D-950F-0C5F36EC49C0}.Debug|Any CPU.Build.0 = Debug|Any CPU
		{1C121A7F-4CD4-488D-950F-0C5F36EC49C0}.Release|Any CPU.ActiveCfg = Release|Any CPU
		{1C121A7F-4CD4-488D-950F-0C5F36EC49C0}.Release|Any CPU.Build.0 = Release|Any CPU
	EndGlobalSection
	GlobalSection(SolutionProperties) = preSolution
		HideSolutionNode = FALSE
	EndGlobalSection
	GlobalSection(ExtensibilityGlobals) = postSolution
		SolutionGuid = {E59023EC-7C6E-4F26-B37B-8C5D76A9F604}
	EndGlobalSection
EndGlobal
